// !$*UTF8*$!
{
	archiveVersion = 1;
	classes = {
	};
	objectVersion = 46;
	objects = {

/* Begin PBXBuildFile section */
		FE312FAC1E85E0E9000DFE40 /* AppDelegate.swift in Sources */ = {isa = PBXBuildFile; fileRef = FE312FAB1E85E0E9000DFE40 /* AppDelegate.swift */; };
		FE312FAE1E85E0E9000DFE40 /* ViewController.swift in Sources */ = {isa = PBXBuildFile; fileRef = FE312FAD1E85E0E9000DFE40 /* ViewController.swift */; };
		FE312FB11E85E0E9000DFE40 /* Main.storyboard in Resources */ = {isa = PBXBuildFile; fileRef = FE312FAF1E85E0E9000DFE40 /* Main.storyboard */; };
		FE312FB31E85E0E9000DFE40 /* Assets.xcassets in Resources */ = {isa = PBXBuildFile; fileRef = FE312FB21E85E0E9000DFE40 /* Assets.xcassets */; };
		FE312FB61E85E0E9000DFE40 /* LaunchScreen.storyboard in Resources */ = {isa = PBXBuildFile; fileRef = FE312FB41E85E0E9000DFE40 /* LaunchScreen.storyboard */; };
/* End PBXBuildFile section */

/* Begin PBXFileReference section */
		FE312FA81E85E0E9000DFE40 /* Find my Tutor.app */ = {isa = PBXFileReference; explicitFileType = wrapper.application; includeInIndex = 0; path = "Find my Tutor.app"; sourceTree = BUILT_PRODUCTS_DIR; };
		FE312FAB1E85E0E9000DFE40 /* AppDelegate.swift */ = {isa = PBXFileReference; lastKnownFileType = sourcecode.swift; path = AppDelegate.swift; sourceTree = "<group>"; };
		FE312FAD1E85E0E9000DFE40 /* ViewController.swift */ = {isa = PBXFileReference; lastKnownFileType = sourcecode.swift; path = ViewController.swift; sourceTree = "<group>"; };
		FE312FB01E85E0E9000DFE40 /* Base */ = {isa = PBXFileReference; lastKnownFileType = file.storyboard; name = Base; path = Base.lproj/Main.storyboard; sourceTree = "<group>"; };
		FE312FB21E85E0E9000DFE40 /* Assets.xcassets */ = {isa = PBXFileReference; lastKnownFileType = folder.assetcatalog; path = Assets.xcassets; sourceTree = "<group>"; };
		FE312FB51E85E0E9000DFE40 /* Base */ = {isa = PBXFileReference; lastKnownFileType = file.storyboard; name = Base; path = Base.lproj/LaunchScreen.storyboard; sourceTree = "<group>"; };
		FE312FB71E85E0E9000DFE40 /* Info.plist */ = {isa = PBXFileReference; lastKnownFileType = text.plist.xml; path = Info.plist; sourceTree = "<group>"; };
/* End PBXFileReference section */

/* Begin PBXFrameworksBuildPhase section */
		FE312FA51E85E0E9000DFE40 /* Frameworks */ = {
			isa = PBXFrameworksBuildPhase;
			buildActionMask = 2147483647;
			files = (
			);
			runOnlyForDeploymentPostprocessing = 0;
		};
/* End PBXFrameworksBuildPhase section */

/* Begin PBXGroup section */
		FE312F9F1E85E0E9000DFE40 = {
			isa = PBXGroup;
			children = (
				FE312FAA1E85E0E9000DFE40 /* Find my Tutor */,
				FE312FA91E85E0E9000DFE40 /* Products */,
			);
			sourceTree = "<group>";
		};
		FE312FA91E85E0E9000DFE40 /* Products */ = {
			isa = PBXGroup;
			children = (
				FE312FA81E85E0E9000DFE40 /* Find my Tutor.app */,
			);
			name = Products;
			sourceTree = "<group>";
		};
		FE312FAA1E85E0E9000DFE40 /* Find my Tutor */ = {
			isa = PBXGroup;
			children = (
				FE312FAB1E85E0E9000DFE40 /* AppDelegate.swift */,
				FE312FAD1E85E0E9000DFE40 /* ViewController.swift */,
				FE312FAF1E85E0E9000DFE40 /* Main.storyboard */,
				FE312FB21E85E0E9000DFE40 /* Assets.xcassets */,
				FE312FB41E85E0E9000DFE40 /* LaunchScreen.storyboard */,
				FE312FB71E85E0E9000DFE40 /* Info.plist */,
			);
			path = "Find my Tutor";
			sourceTree = "<group>";
		};
/* End PBXGroup section */

/* Begin PBXNativeTarget section */
		FE312FA71E85E0E9000DFE40 /* Find my Tutor */ = {
			isa = PBXNativeTarget;
			buildConfigurationList = FE312FBA1E85E0E9000DFE40 /* Build configuration list for PBXNativeTarget "Find my Tutor" */;
			buildPhases = (
				FE312FA41E85E0E9000DFE40 /* Sources */,
				FE312FA51E85E0E9000DFE40 /* Frameworks */,
				FE312FA61E85E0E9000DFE40 /* Resources */,
			);
			buildRules = (
			);
			dependencies = (
			);
			name = "Find my Tutor";
			productName = "Find my Tutor";
			productReference = FE312FA81E85E0E9000DFE40 /* Find my Tutor.app */;
			productType = "com.apple.product-type.application";
		};
/* End PBXNativeTarget section */

/* Begin PBXProject section */
		FE312FA01E85E0E9000DFE40 /* Project object */ = {
			isa = PBXProject;
			attributes = {
				LastSwiftUpdateCheck = 0820;
				LastUpgradeCheck = 0820;
				ORGANIZATIONNAME = "Sudheesh Bhattarai";
				TargetAttributes = {
					FE312FA71E85E0E9000DFE40 = {
						CreatedOnToolsVersion = 8.2.1;
						ProvisioningStyle = Automatic;
					};
				};
			};
			buildConfigurationList = FE312FA31E85E0E9000DFE40 /* Build configuration list for PBXProject "Find my Tutor" */;
			compatibilityVersion = "Xcode 3.2";
			developmentRegion = English;
			hasScannedForEncodings = 0;
			knownRegions = (
				en,
				Base,
			);
			mainGroup = FE312F9F1E85E0E9000DFE40;
			productRefGroup = FE312FA91E85E0E9000DFE40 /* Products */;
			projectDirPath = "";
			projectRoot = "";
			targets = (
				FE312FA71E85E0E9000DFE40 /* Find my Tutor */,
			);
		};
/* End PBXProject section */

/* Begin PBXResourcesBuildPhase section */
		FE312FA61E85E0E9000DFE40 /* Resources */ = {
			isa = PBXResourcesBuildPhase;
			buildActionMask = 2147483647;
			files = (
				FE312FB61E85E0E9000DFE40 /* LaunchScreen.storyboard in Resources */,
				FE312FB31E85E0E9000DFE40 /* Assets.xcassets in Resources */,
				FE312FB11E85E0E9000DFE40 /* Main.storyboard in Resources */,
			);
			runOnlyForDeploymentPostprocessing = 0;
		};
/* End PBXResourcesBuildPhase section */

/* Begin PBXSourcesBuildPhase section */
		FE312FA41E85E0E9000DFE40 /* Sources */ = {
			isa = PBXSourcesBuildPhase;
			buildActionMask = 2147483647;
			files = (
				FE312FAE1E85E0E9000DFE40 /* ViewController.swift in Sources */,
				FE312FAC1E85E0E9000DFE40 /* AppDelegate.swift in Sources */,
			);
			runOnlyForDeploymentPostprocessing = 0;
		};
/* End PBXSourcesBuildPhase section */

/* Begin PBXVariantGroup section */
		FE312FAF1E85E0E9000DFE40 /* Main.storyboard */ = {
			isa = PBXVariantGroup;
			children = (
				FE312FB01E85E0E9000DFE40 /* Base */,
			);
			name = Main.storyboard;
			sourceTree = "<group>";
		};
		FE312FB41E85E0E9000DFE40 /* LaunchScreen.storyboard */ = {
			isa = PBXVariantGroup;
			children = (
				FE312FB51E85E0E9000DFE40 /* Base */,
			);
			name = LaunchScreen.storyboard;
			sourceTree = "<group>";
		};
/* End PBXVariantGroup section */

/* Begin XCBuildConfiguration section */
		FE312FB81E85E0E9000DFE40 /* Debug */ = {
			isa = XCBuildConfiguration;
			buildSettings = {
				ALWAYS_SEARCH_USER_PATHS = NO;
				CLANG_ANALYZER_NONNULL = YES;
				CLANG_CXX_LANGUAGE_STANDARD = "gnu++0x";
				CLANG_CXX_LIBRARY = "libc++";
				CLANG_ENABLE_MODULES = YES;
				CLANG_ENABLE_OBJC_ARC = YES;
				CLANG_WARN_BOOL_CONVERSION = YES;
				CLANG_WARN_CONSTANT_CONVERSION = YES;
				CLANG_WARN_DIRECT_OBJC_ISA_USAGE = YES_ERROR;
				CLANG_WARN_DOCUMENTATION_COMMENTS = YES;
				CLANG_WARN_EMPTY_BODY = YES;
				CLANG_WARN_ENUM_CONVERSION = YES;
				CLANG_WARN_INFINITE_RECURSION = YES;
				CLANG_WARN_INT_CONVERSION = YES;
				CLANG_WARN_OBJC_ROOT_CLASS = YES_ERROR;
				CLANG_WARN_SUSPICIOUS_MOVE = YES;
				CLANG_WARN_UNREACHABLE_CODE = YES;
				CLANG_WARN__DUPLICATE_METHOD_MATCH = YES;
				"CODE_SIGN_IDENTITY[sdk=iphoneos*]" = "iPhone Developer";
				COPY_PHASE_STRIP = NO;
				DEBUG_INFORMATION_FORMAT = dwarf;
				ENABLE_STRICT_OBJC_MSGSEND = YES;
				ENABLE_TESTABILITY = YES;
				GCC_C_LANGUAGE_STANDARD = gnu99;
				GCC_DYNAMIC_NO_PIC = NO;
				GCC_NO_COMMON_BLOCKS = YES;
				GCC_OPTIMIZATION_LEVEL = 0;
				GCC_PREPROCESSOR_DEFINITIONS = (
					"DEBUG=1",
					"$(inherited)",
				);
				GCC_WARN_64_TO_32_BIT_CONVERSION = YES;
				GCC_WARN_ABOUT_RETURN_TYPE = YES_ERROR;
				GCC_WARN_UNDECLARED_SELECTOR = YES;
				GCC_WARN_UNINITIALIZED_AUTOS = YES_AGGRESSIVE;
				GCC_WARN_UNUSED_FUNCTION = YES;
				GCC_WARN_UNUSED_VARIABLE = YES;
				IPHONEOS_DEPLOYMENT_TARGET = 10.2;
				MTL_ENABLE_DEBUG_INFO = YES;
				ONLY_ACTIVE_ARCH = YES;
				SDKROOT = iphoneos;
				SWIFT_ACTIVE_COMPILATION_CONDITIONS = DEBUG;
				SWIFT_OPTIMIZATION_LEVEL = "-Onone";
			};
			name = Debug;
		};
		FE312FB91E85E0E9000DFE40 /* Release */ = {
			isa = XCBuildConfiguration;
			buildSettings = {
				ALWAYS_SEARCH_USER_PATHS = NO;
				CLANG_ANALYZER_NONNULL = YES;
				CLANG_CXX_LANGUAGE_STANDARD = "gnu++0x";
				CLANG_CXX_LIBRARY = "libc++";
				CLANG_ENABLE_MODULES = YES;
				CLANG_ENABLE_OBJC_ARC = YES;
				CLANG_WARN_BOOL_CONVERSION = YES;
				CLANG_WARN_CONSTANT_CONVERSION = YES;
				CLANG_WARN_DIRECT_OBJC_ISA_USAGE = YES_ERROR;
				CLANG_WARN_DOCUMENTATION_COMMENTS = YES;
				CLANG_WARN_EMPTY_BODY = YES;
				CLANG_WARN_ENUM_CONVERSION = YES;
				CLANG_WARN_INFINITE_RECURSION = YES;
				CLANG_WARN_INT_CONVERSION = YES;
				CLANG_WARN_OBJC_ROOT_CLASS = YES_ERROR;
				CLANG_WARN_SUSPICIOUS_MOVE = YES;
				CLANG_WARN_UNREACHABLE_CODE = YES;
				CLANG_WARN__DUPLICATE_METHOD_MATCH = YES;
				"CODE_SIGN_IDENTITY[sdk=iphoneos*]" = "iPhone Developer";
				COPY_PHASE_STRIP = NO;
				DEBUG_INFORMATION_FORMAT = "dwarf-with-dsym";
				ENABLE_NS_ASSERTIONS = NO;
				ENABLE_STRICT_OBJC_MSGSEND = YES;
				GCC_C_LANGUAGE_STANDARD = gnu99;
				GCC_NO_COMMON_BLOCKS = YES;
				GCC_WARN_64_TO_32_BIT_CONVERSION = YES;
				GCC_WARN_ABOUT_RETURN_TYPE = YES_ERROR;
				GCC_WARN_UNDECLARED_SELECTOR = YES;
				GCC_WARN_UNINITIALIZED_AUTOS = YES_AGGRESSIVE;
				GCC_WARN_UNUSED_FUNCTION = YES;
				GCC_WARN_UNUSED_VARIABLE = YES;
				IPHONEOS_DEPLOYMENT_TARGET = 10.2;
				MTL_ENABLE_DEBUG_INFO = NO;
				SDKROOT = iphoneos;
				SWIFT_OPTIMIZATION_LEVEL = "-Owholemodule";
				VALIDATE_PRODUCT = YES;
			};
			name = Release;
		};
		FE312FBB1E85E0E9000DFE40 /* Debug */ = {
			isa = XCBuildConfiguration;
			buildSettings = {
				ASSETCATALOG_COMPILER_APPICON_NAME = AppIcon;
				INFOPLIST_FILE = "Find my Tutor/Info.plist";
				LD_RUNPATH_SEARCH_PATHS = "$(inherited) @executable_path/Frameworks";
				PRODUCT_BUNDLE_IDENTIFIER = "Howard-University.Find-my-Tutor";
				PRODUCT_NAME = "$(TARGET_NAME)";
				SWIFT_VERSION = 3.0;
			};
			name = Debug;
		};
		FE312FBC1E85E0E9000DFE40 /* Release */ = {
			isa = XCBuildConfiguration;
			buildSettings = {
				ASSETCATALOG_COMPILER_APPICON_NAME = AppIcon;
				INFOPLIST_FILE = "Find my Tutor/Info.plist";
				LD_RUNPATH_SEARCH_PATHS = "$(inherited) @executable_path/Frameworks";
				PRODUCT_BUNDLE_IDENTIFIER = "Howard-University.Find-my-Tutor";
				PRODUCT_NAME = "$(TARGET_NAME)";
				SWIFT_VERSION = 3.0;
			};
			name = Release;
		};
/* End XCBuildConfiguration section */

/* Begin XCConfigurationList section */
		FE312FA31E85E0E9000DFE40 /* Build configuration list for PBXProject "Find my Tutor" */ = {
			isa = XCConfigurationList;
			buildConfigurations = (
				FE312FB81E85E0E9000DFE40 /* Debug */,
				FE312FB91E85E0E9000DFE40 /* Release */,
			);
			defaultConfigurationIsVisible = 0;
			defaultConfigurationName = Release;
		};
		FE312FBA1E85E0E9000DFE40 /* Build configuration list for PBXNativeTarget "Find my Tutor" */ = {
			isa = XCConfigurationList;
			buildConfigurations = (
				FE312FBB1E85E0E9000DFE40 /* Debug */,
				FE312FBC1E85E0E9000DFE40 /* Release */,
			);
			defaultConfigurationIsVisible = 0;
		};
/* End XCConfigurationList section */
	};
	rootObject = FE312FA01E85E0E9000DFE40 /* Project object */;
}
